
Microsoft Visual Studio Solution File, Format Version 12.00
# Visual Studio Version 17
VisualStudioVersion = 17.8.34511.84
MinimumVisualStudioVersion = 10.0.40219.1
Project("{FAE04EC0-301F-11D3-BF4B-00C04F79EFBC}") = "Singleton", "Singleton\Singleton.csproj", "{042FB2C4-6C9D-4616-8897-FC1855E5A348}"
EndProject
Global
	GlobalSection(SolutionConfigurationPlatforms) = preSolution
		Debug|Any CPU = Debug|Any CPU
		Release|Any CPU = Release|Any CPU
	EndGlobalSection
	GlobalSection(ProjectConfigurationPlatforms) = postSolution
		{042FB2C4-6C9D-4616-8897-FC1855E5A348}.Debug|Any CPU.ActiveCfg = Debug|Any CPU
		{042FB2C4-6C9D-4616-8897-FC1855E5A348}.Debug|Any CPU.Build.0 = Debug|Any CPU
		{042FB2C4-6C9D-4616-8897-FC1855E5A348}.Release|Any CPU.ActiveCfg = Release|Any CPU
		{042FB2C4-6C9D-4616-8897-FC1855E5A348}.Release|Any CPU.Build.0 = Release|Any CPU
	EndGlobalSection
	GlobalSection(SolutionProperties) = preSolution
		HideSolutionNode = FALSE
	EndGlobalSection
	GlobalSection(ExtensibilityGlobals) = postSolution
		SolutionGuid = {ACDC201C-864B-4123-A6DB-A7530F26653D}
	EndGlobalSection
EndGlobal
