
Microsoft Visual Studio Solution File, Format Version 12.00
# Visual Studio Version 17
VisualStudioVersion = 17.8.34511.84
MinimumVisualStudioVersion = 10.0.40219.1
Project("{FAE04EC0-301F-11D3-BF4B-00C04F79EFBC}") = "DecaratorPattern", "DecaratorPattern\DecaratorPattern.csproj", "{F89F303B-05FE-4EFD-B447-19A840D67A20}"
EndProject
Global
	GlobalSection(SolutionConfigurationPlatforms) = preSolution
		Debug|Any CPU = Debug|Any CPU
		Release|Any CPU = Release|Any CPU
	EndGlobalSection
	GlobalSection(ProjectConfigurationPlatforms) = postSolution
		{F89F303B-05FE-4EFD-B447-19A840D67A20}.Debug|Any CPU.ActiveCfg = Debug|Any CPU
		{F89F303B-05FE-4EFD-B447-19A840D67A20}.Debug|Any CPU.Build.0 = Debug|Any CPU
		{F89F303B-05FE-4EFD-B447-19A840D67A20}.Release|Any CPU.ActiveCfg = Release|Any CPU
		{F89F303B-05FE-4EFD-B447-19A840D67A20}.Release|Any CPU.Build.0 = Release|Any CPU
	EndGlobalSection
	GlobalSection(SolutionProperties) = preSolution
		HideSolutionNode = FALSE
	EndGlobalSection
	GlobalSection(ExtensibilityGlobals) = postSolution
		SolutionGuid = {4001DF1E-1A71-4F4A-AC51-F04B983995EA}
	EndGlobalSection
EndGlobal
